
Microsoft Visual Studio Solution File, Format Version 12.00
# Visual Studio 15
VisualStudioVersion = 15.0.28307.572
MinimumVisualStudioVersion = 10.0.40219.1
Project("{9A19103F-16F7-4668-BE54-9A1E7A4F7556}") = "Web.Api", "Web.Api\Web.Api.csproj", "{8772099D-F215-4F18-98F8-CC216569EE03}"
EndProject
Project("{9A19103F-16F7-4668-BE54-9A1E7A4F7556}") = "Web.Utils", "Web.Utils\Web.Utils.csproj", "{EB8798ED-7270-4A34-ADA5-2836C2191554}"
EndProject
Project("{9A19103F-16F7-4668-BE54-9A1E7A4F7556}") = "Web.RestModels", "Web.RestModels\Web.RestModels.csproj", "{C75121F5-0F6E-4ECE-B6AA-FB0CF33014FA}"
EndProject
Project("{FAE04EC0-301F-11D3-BF4B-00C04F79EFBC}") = "Common.Models", "..\Common\Common.Models\Common.Models.csproj", "{FE826082-BF86-4F16-9698-9561C81B4B8D}"
EndProject
Project("{9A19103F-16F7-4668-BE54-9A1E7A4F7556}") = "Web.Logic", "Web.Logic\Web.Logic.csproj", "{09EA2BDA-2D75-42C4-96B9-5B143128478D}"
EndProject
Project("{2150E333-8FDC-42A3-9474-1A3956D46DE8}") = "Common", "Common", "{E18D5FB7-C669-47FD-BBD8-4FF9F5789598}"
EndProject
Project("{FAE04EC0-301F-11D3-BF4B-00C04F79EFBC}") = "Common.Utils", "..\Common\Common.Utils\Common.Utils.csproj", "{9B185DC0-C70E-40C5-ADE8-729781A274A4}"
EndProject
Project("{FAE04EC0-301F-11D3-BF4B-00C04F79EFBC}") = "Common.HubClient", "..\Common\Common.HubClient\Common.HubClient.csproj", "{0EBD9120-815C-419E-ACA4-CE1E85D36B1B}"
EndProject
Project("{FAE04EC0-301F-11D3-BF4B-00C04F79EFBC}") = "Common.HubClient.Tests", "..\Common\Common.HubClient.Tests\Common.HubClient.Tests.csproj", "{077AC4B1-02CA-4A54-A30C-8B10590DD9BD}"
EndProject
Global
	GlobalSection(SolutionConfigurationPlatforms) = preSolution
		Debug|Any CPU = Debug|Any CPU
		Release|Any CPU = Release|Any CPU
	EndGlobalSection
	GlobalSection(ProjectConfigurationPlatforms) = postSolution
		{8772099D-F215-4F18-98F8-CC216569EE03}.Debug|Any CPU.ActiveCfg = Debug|Any CPU
		{8772099D-F215-4F18-98F8-CC216569EE03}.Debug|Any CPU.Build.0 = Debug|Any CPU
		{8772099D-F215-4F18-98F8-CC216569EE03}.Release|Any CPU.ActiveCfg = Release|Any CPU
		{8772099D-F215-4F18-98F8-CC216569EE03}.Release|Any CPU.Build.0 = Release|Any CPU
		{EB8798ED-7270-4A34-ADA5-2836C2191554}.Debug|Any CPU.ActiveCfg = Debug|Any CPU
		{EB8798ED-7270-4A34-ADA5-2836C2191554}.Debug|Any CPU.Build.0 = Debug|Any CPU
		{EB8798ED-7270-4A34-ADA5-2836C2191554}.Release|Any CPU.ActiveCfg = Release|Any CPU
		{EB8798ED-7270-4A34-ADA5-2836C2191554}.Release|Any CPU.Build.0 = Release|Any CPU
		{C75121F5-0F6E-4ECE-B6AA-FB0CF33014FA}.Debug|Any CPU.ActiveCfg = Debug|Any CPU
		{C75121F5-0F6E-4ECE-B6AA-FB0CF33014FA}.Debug|Any CPU.Build.0 = Debug|Any CPU
		{C75121F5-0F6E-4ECE-B6AA-FB0CF33014FA}.Release|Any CPU.ActiveCfg = Release|Any CPU
		{C75121F5-0F6E-4ECE-B6AA-FB0CF33014FA}.Release|Any CPU.Build.0 = Release|Any CPU
		{FE826082-BF86-4F16-9698-9561C81B4B8D}.Debug|Any CPU.ActiveCfg = Debug|Any CPU
		{FE826082-BF86-4F16-9698-9561C81B4B8D}.Debug|Any CPU.Build.0 = Debug|Any CPU
		{FE826082-BF86-4F16-9698-9561C81B4B8D}.Release|Any CPU.ActiveCfg = Release|Any CPU
		{FE826082-BF86-4F16-9698-9561C81B4B8D}.Release|Any CPU.Build.0 = Release|Any CPU
		{09EA2BDA-2D75-42C4-96B9-5B143128478D}.Debug|Any CPU.ActiveCfg = Debug|Any CPU
		{09EA2BDA-2D75-42C4-96B9-5B143128478D}.Debug|Any CPU.Build.0 = Debug|Any CPU
		{09EA2BDA-2D75-42C4-96B9-5B143128478D}.Release|Any CPU.ActiveCfg = Release|Any CPU
		{09EA2BDA-2D75-42C4-96B9-5B143128478D}.Release|Any CPU.Build.0 = Release|Any CPU
		{9B185DC0-C70E-40C5-ADE8-729781A274A4}.Debug|Any CPU.ActiveCfg = Debug|Any CPU
		{9B185DC0-C70E-40C5-ADE8-729781A274A4}.Debug|Any CPU.Build.0 = Debug|Any CPU
		{9B185DC0-C70E-40C5-ADE8-729781A274A4}.Release|Any CPU.ActiveCfg = Release|Any CPU
		{9B185DC0-C70E-40C5-ADE8-729781A274A4}.Release|Any CPU.Build.0 = Release|Any CPU
		{0EBD9120-815C-419E-ACA4-CE1E85D36B1B}.Debug|Any CPU.ActiveCfg = Debug|Any CPU
		{0EBD9120-815C-419E-ACA4-CE1E85D36B1B}.Debug|Any CPU.Build.0 = Debug|Any CPU
		{0EBD9120-815C-419E-ACA4-CE1E85D36B1B}.Release|Any CPU.ActiveCfg = Release|Any CPU
		{0EBD9120-815C-419E-ACA4-CE1E85D36B1B}.Release|Any CPU.Build.0 = Release|Any CPU
		{077AC4B1-02CA-4A54-A30C-8B10590DD9BD}.Debug|Any CPU.ActiveCfg = Debug|Any CPU
		{077AC4B1-02CA-4A54-A30C-8B10590DD9BD}.Debug|Any CPU.Build.0 = Debug|Any CPU
		{077AC4B1-02CA-4A54-A30C-8B10590DD9BD}.Release|Any CPU.ActiveCfg = Release|Any CPU
		{077AC4B1-02CA-4A54-A30C-8B10590DD9BD}.Release|Any CPU.Build.0 = Release|Any CPU
	EndGlobalSection
	GlobalSection(SolutionProperties) = preSolution
		HideSolutionNode = FALSE
	EndGlobalSection
	GlobalSection(NestedProjects) = preSolution
		{FE826082-BF86-4F16-9698-9561C81B4B8D} = {E18D5FB7-C669-47FD-BBD8-4FF9F5789598}
		{9B185DC0-C70E-40C5-ADE8-729781A274A4} = {E18D5FB7-C669-47FD-BBD8-4FF9F5789598}
		{0EBD9120-815C-419E-ACA4-CE1E85D36B1B} = {E18D5FB7-C669-47FD-BBD8-4FF9F5789598}
		{077AC4B1-02CA-4A54-A30C-8B10590DD9BD} = {E18D5FB7-C669-47FD-BBD8-4FF9F5789598}
	EndGlobalSection
	GlobalSection(ExtensibilityGlobals) = postSolution
		SolutionGuid = {C04AA1C0-64E9-4CBC-B41C-A251C9A492F8}
	EndGlobalSection
EndGlobal
